
Microsoft Visual Studio Solution File, Format Version 12.00
# Visual Studio Version 17
VisualStudioVersion = 17.7.34031.279
MinimumVisualStudioVersion = 10.0.40219.1
Project("{FAE04EC0-301F-11D3-BF4B-00C04F79EFBC}") = "lab4", "lab4.csproj", "{34B74670-A607-47A6-B0F2-78369CB1B053}"
EndProject
Global
	GlobalSection(SolutionConfigurationPlatforms) = preSolution
		Debug|Any CPU = Debug|Any CPU
		Release|Any CPU = Release|Any CPU
	EndGlobalSection
	GlobalSection(ProjectConfigurationPlatforms) = postSolution
		{34B74670-A607-47A6-B0F2-78369CB1B053}.Debug|Any CPU.ActiveCfg = Debug|Any CPU
		{34B74670-A607-47A6-B0F2-78369CB1B053}.Debug|Any CPU.Build.0 = Debug|Any CPU
		{34B74670-A607-47A6-B0F2-78369CB1B053}.Release|Any CPU.ActiveCfg = Release|Any CPU
		{34B74670-A607-47A6-B0F2-78369CB1B053}.Release|Any CPU.Build.0 = Release|Any CPU
	EndGlobalSection
	GlobalSection(SolutionProperties) = preSolution
		HideSolutionNode = FALSE
	EndGlobalSection
	GlobalSection(ExtensibilityGlobals) = postSolution
		SolutionGuid = {13D9FD8D-9CE4-4F16-8D34-D5C4372C8FEC}
	EndGlobalSection
EndGlobal
